
Microsoft Visual Studio Solution File, Format Version 12.00
# Visual Studio Version 16
VisualStudioVersion = 16.0.28917.181
MinimumVisualStudioVersion = 10.0.40219.1
Project("{FAE04EC0-301F-11D3-BF4B-00C04F79EFBC}") = "when the moon-hits your skin", "when the moon-hits your skin.csproj", "{C66A5222-1CC3-49EF-870D-828FD60DDCF5}"
EndProject
Global
	GlobalSection(SolutionConfigurationPlatforms) = preSolution
		Debug|Any CPU = Debug|Any CPU
		Release|Any CPU = Release|Any CPU
	EndGlobalSection
	GlobalSection(ProjectConfigurationPlatforms) = postSolution
		{C66A5222-1CC3-49EF-870D-828FD60DDCF5}.Debug|Any CPU.ActiveCfg = Debug|Any CPU
		{C66A5222-1CC3-49EF-870D-828FD60DDCF5}.Debug|Any CPU.Build.0 = Debug|Any CPU
		{C66A5222-1CC3-49EF-870D-828FD60DDCF5}.Release|Any CPU.ActiveCfg = Release|Any CPU
		{C66A5222-1CC3-49EF-870D-828FD60DDCF5}.Release|Any CPU.Build.0 = Release|Any CPU
	EndGlobalSection
	GlobalSection(SolutionProperties) = preSolution
		HideSolutionNode = FALSE
	EndGlobalSection
	GlobalSection(ExtensibilityGlobals) = postSolution
		SolutionGuid = {973B7F7A-1C9B-4761-8736-FF8F574FD692}
	EndGlobalSection
EndGlobal
